
Microsoft Visual Studio Solution File, Format Version 12.00
# Visual Studio Version 17
VisualStudioVersion = 17.11.35327.3
MinimumVisualStudioVersion = 10.0.40219.1
Project("{8BC9CEB8-8B4A-11D0-8D11-00A0C91BC942}") = "app", "app\app.vcxproj", "{FEBF76BB-659C-4527-BCD7-959AC0A30BED}"
EndProject
Global
	GlobalSection(SolutionConfigurationPlatforms) = preSolution
		Debug|Any CPU = Debug|Any CPU
		Release|Any CPU = Release|Any CPU
	EndGlobalSection
	GlobalSection(ProjectConfigurationPlatforms) = postSolution
		{FEBF76BB-659C-4527-BCD7-959AC0A30BED}.Debug|Any CPU.ActiveCfg = Debug|Any CPU
		{FEBF76BB-659C-4527-BCD7-959AC0A30BED}.Debug|Any CPU.Build.0 = Debug|Any CPU
		{FEBF76BB-659C-4527-BCD7-959AC0A30BED}.Release|Any CPU.ActiveCfg = Release|Any CPU
		{FEBF76BB-659C-4527-BCD7-959AC0A30BED}.Release|Any CPU.Build.0 = Release|Any CPU
	EndGlobalSection
	GlobalSection(SolutionProperties) = preSolution
		HideSolutionNode = FALSE
	EndGlobalSection
	GlobalSection(ExtensibilityGlobals) = postSolution
		SolutionGuid = {C3EB484C-2BE3-4EF9-B278-8D75D254ABBB}
	EndGlobalSection
EndGlobal
